
Microsoft Visual Studio Solution File, Format Version 12.00
# Visual Studio Version 17
VisualStudioVersion = 17.14.36121.58 d17.14
MinimumVisualStudioVersion = 10.0.40219.1
Project("{FAE04EC0-301F-11D3-BF4B-00C04F79EFBC}") = "Agro_test", "Agro_test\Agro_test.csproj", "{D92E459B-6549-473F-A7D7-2CEBAC2A681A}"
EndProject
Global
	GlobalSection(SolutionConfigurationPlatforms) = preSolution
		Debug|Any CPU = Debug|Any CPU
		Release|Any CPU = Release|Any CPU
	EndGlobalSection
	GlobalSection(ProjectConfigurationPlatforms) = postSolution
		{D92E459B-6549-473F-A7D7-2CEBAC2A681A}.Debug|Any CPU.ActiveCfg = Debug|Any CPU
		{D92E459B-6549-473F-A7D7-2CEBAC2A681A}.Debug|Any CPU.Build.0 = Debug|Any CPU
		{D92E459B-6549-473F-A7D7-2CEBAC2A681A}.Release|Any CPU.ActiveCfg = Release|Any CPU
		{D92E459B-6549-473F-A7D7-2CEBAC2A681A}.Release|Any CPU.Build.0 = Release|Any CPU
	EndGlobalSection
	GlobalSection(SolutionProperties) = preSolution
		HideSolutionNode = FALSE
	EndGlobalSection
	GlobalSection(ExtensibilityGlobals) = postSolution
		SolutionGuid = {8BE4D196-DCF4-457A-AA85-3A22369DF5A3}
	EndGlobalSection
EndGlobal
